// !$*UTF8*$!
{
	archiveVersion = 1;
	classes = {
	};
	objectVersion = 46;
	objects = {

/* Begin PBXBuildFile section */
		42436B35181831DD003F31A4 /* Foundation.framework in Frameworks */ = {isa = PBXBuildFile; fileRef = 42436B34181831DD003F31A4 /* Foundation.framework */; };
		42436B37181831DD003F31A4 /* CoreGraphics.framework in Frameworks */ = {isa = PBXBuildFile; fileRef = 42436B36181831DD003F31A4 /* CoreGraphics.framework */; };
		42436B39181831DD003F31A4 /* UIKit.framework in Frameworks */ = {isa = PBXBuildFile; fileRef = 42436B38181831DD003F31A4 /* UIKit.framework */; };
		42436B3F181831DD003F31A4 /* InfoPlist.strings in Resources */ = {isa = PBXBuildFile; fileRef = 42436B3D181831DD003F31A4 /* InfoPlist.strings */; };
		42436B41181831DD003F31A4 /* main.m in Sources */ = {isa = PBXBuildFile; fileRef = 42436B40181831DD003F31A4 /* main.m */; };
		42436B45181831DD003F31A4 /* AppDelegate.m in Sources */ = {isa = PBXBuildFile; fileRef = 42436B44181831DD003F31A4 /* AppDelegate.m */; };
		42436B47181831DD003F31A4 /* Images.xcassets in Resources */ = {isa = PBXBuildFile; fileRef = 42436B46181831DD003F31A4 /* Images.xcassets */; };
		42436B4E181831DD003F31A4 /* XCTest.framework in Frameworks */ = {isa = PBXBuildFile; fileRef = 42436B4D181831DD003F31A4 /* XCTest.framework */; };
		42436B4F181831DD003F31A4 /* Foundation.framework in Frameworks */ = {isa = PBXBuildFile; fileRef = 42436B34181831DD003F31A4 /* Foundation.framework */; };
		42436B50181831DD003F31A4 /* UIKit.framework in Frameworks */ = {isa = PBXBuildFile; fileRef = 42436B38181831DD003F31A4 /* UIKit.framework */; };
		42436B58181831DD003F31A4 /* InfoPlist.strings in Resources */ = {isa = PBXBuildFile; fileRef = 42436B56181831DD003F31A4 /* InfoPlist.strings */; };
		42436B5A181831DD003F31A4 /* ToDoListTests.m in Sources */ = {isa = PBXBuildFile; fileRef = 42436B59181831DD003F31A4 /* ToDoListTests.m */; };
		42436B641818479B003F31A4 /* Main.storyboard in Resources */ = {isa = PBXBuildFile; fileRef = 42436B631818479B003F31A4 /* Main.storyboard */; };
		42C3B5A5183015E0003BD2F4 /* ToDoItem.m in Sources */ = {isa = PBXBuildFile; fileRef = 42C3B5A4183015E0003BD2F4 /* ToDoItem.m */; };
		42FE1C8B181A1C1500A1A074 /* AddToDoItemViewController.m in Sources */ = {isa = PBXBuildFile; fileRef = 42FE1C8A181A1C1500A1A074 /* AddToDoItemViewController.m */; };
		42FE1C91181A1EBE00A1A074 /* ToDoListViewController.m in Sources */ = {isa = PBXBuildFile; fileRef = 42FE1C90181A1EBE00A1A074 /* ToDoListViewController.m */; };
/* End PBXBuildFile section */

/* Begin PBXContainerItemProxy section */
		42436B51181831DD003F31A4 /* PBXContainerItemProxy */ = {
			isa = PBXContainerItemProxy;
			containerPortal = 42436B29181831DC003F31A4 /* Project object */;
			proxyType = 1;
			remoteGlobalIDString = 42436B30181831DD003F31A4;
			remoteInfo = ToDoList;
		};
/* End PBXContainerItemProxy section */

/* Begin PBXFileReference section */
		42436B31181831DD003F31A4 /* ToDoList.app */ = {isa = PBXFileReference; explicitFileType = wrapper.application; includeInIndex = 0; path = ToDoList.app; sourceTree = BUILT_PRODUCTS_DIR; };
		42436B34181831DD003F31A4 /* Foundation.framework */ = {isa = PBXFileReference; lastKnownFileType = wrapper.framework; name = Foundation.framework; path = System/Library/Frameworks/Foundation.framework; sourceTree = SDKROOT; };
		42436B36181831DD003F31A4 /* CoreGraphics.framework */ = {isa = PBXFileReference; lastKnownFileType = wrapper.framework; name = CoreGraphics.framework; path = System/Library/Frameworks/CoreGraphics.framework; sourceTree = SDKROOT; };
		42436B38181831DD003F31A4 /* UIKit.framework */ = {isa = PBXFileReference; lastKnownFileType = wrapper.framework; name = UIKit.framework; path = System/Library/Frameworks/UIKit.framework; sourceTree = SDKROOT; };
		42436B3C181831DD003F31A4 /* ToDoList-Info.plist */ = {isa = PBXFileReference; lastKnownFileType = text.plist.xml; path = "ToDoList-Info.plist"; sourceTree = "<group>"; };
		42436B3E181831DD003F31A4 /* en */ = {isa = PBXFileReference; lastKnownFileType = text.plist.strings; name = en; path = en.lproj/InfoPlist.strings; sourceTree = "<group>"; };
		42436B40181831DD003F31A4 /* main.m */ = {isa = PBXFileReference; lastKnownFileType = sourcecode.c.objc; path = main.m; sourceTree = "<group>"; };
		42436B42181831DD003F31A4 /* ToDoList-Prefix.pch */ = {isa = PBXFileReference; lastKnownFileType = sourcecode.c.h; path = "ToDoList-Prefix.pch"; sourceTree = "<group>"; };
		42436B43181831DD003F31A4 /* AppDelegate.h */ = {isa = PBXFileReference; lastKnownFileType = sourcecode.c.h; path = AppDelegate.h; sourceTree = "<group>"; };
		42436B44181831DD003F31A4 /* AppDelegate.m */ = {isa = PBXFileReference; lastKnownFileType = sourcecode.c.objc; path = AppDelegate.m; sourceTree = "<group>"; };
		42436B46181831DD003F31A4 /* Images.xcassets */ = {isa = PBXFileReference; lastKnownFileType = folder.assetcatalog; path = Images.xcassets; sourceTree = "<group>"; };
		42436B4C181831DD003F31A4 /* ToDoListTests.xctest */ = {isa = PBXFileReference; explicitFileType = wrapper.cfbundle; includeInIndex = 0; path = ToDoListTests.xctest; sourceTree = BUILT_PRODUCTS_DIR; };
		42436B4D181831DD003F31A4 /* XCTest.framework */ = {isa = PBXFileReference; lastKnownFileType = wrapper.framework; name = XCTest.framework; path = Library/Frameworks/XCTest.framework; sourceTree = DEVELOPER_DIR; };
		42436B55181831DD003F31A4 /* ToDoListTests-Info.plist */ = {isa = PBXFileReference; lastKnownFileType = text.plist.xml; path = "ToDoListTests-Info.plist"; sourceTree = "<group>"; };
		42436B57181831DD003F31A4 /* en */ = {isa = PBXFileReference; lastKnownFileType = text.plist.strings; name = en; path = en.lproj/InfoPlist.strings; sourceTree = "<group>"; };
		42436B59181831DD003F31A4 /* ToDoListTests.m */ = {isa = PBXFileReference; lastKnownFileType = sourcecode.c.objc; path = ToDoListTests.m; sourceTree = "<group>"; };
		42436B631818479B003F31A4 /* Main.storyboard */ = {isa = PBXFileReference; fileEncoding = 4; lastKnownFileType = file.storyboard; path = Main.storyboard; sourceTree = "<group>"; };
		42C3B5A3183015E0003BD2F4 /* ToDoItem.h */ = {isa = PBXFileReference; fileEncoding = 4; lastKnownFileType = sourcecode.c.h; path = ToDoItem.h; sourceTree = "<group>"; };
		42C3B5A4183015E0003BD2F4 /* ToDoItem.m */ = {isa = PBXFileReference; fileEncoding = 4; lastKnownFileType = sourcecode.c.objc; path = ToDoItem.m; sourceTree = "<group>"; };
		42FE1C89181A1C1500A1A074 /* AddToDoItemViewController.h */ = {isa = PBXFileReference; fileEncoding = 4; lastKnownFileType = sourcecode.c.h; path = AddToDoItemViewController.h; sourceTree = "<group>"; };
		42FE1C8A181A1C1500A1A074 /* AddToDoItemViewController.m */ = {isa = PBXFileReference; fileEncoding = 4; lastKnownFileType = sourcecode.c.objc; path = AddToDoItemViewController.m; sourceTree = "<group>"; };
		42FE1C8F181A1EBE00A1A074 /* ToDoListViewController.h */ = {isa = PBXFileReference; fileEncoding = 4; lastKnownFileType = sourcecode.c.h; path = ToDoListViewController.h; sourceTree = "<group>"; };
		42FE1C90181A1EBE00A1A074 /* ToDoListViewController.m */ = {isa = PBXFileReference; fileEncoding = 4; lastKnownFileType = sourcecode.c.objc; path = ToDoListViewController.m; sourceTree = "<group>"; };
/* End PBXFileReference section */

/* Begin PBXFrameworksBuildPhase section */
		42436B2E181831DD003F31A4 /* Frameworks */ = {
			isa = PBXFrameworksBuildPhase;
			buildActionMask = 2147483647;
			files = (
				42436B37181831DD003F31A4 /* CoreGraphics.framework in Frameworks */,
				42436B39181831DD003F31A4 /* UIKit.framework in Frameworks */,
				42436B35181831DD003F31A4 /* Foundation.framework in Frameworks */,
			);
			runOnlyForDeploymentPostprocessing = 0;
		};
		42436B49181831DD003F31A4 /* Frameworks */ = {
			isa = PBXFrameworksBuildPhase;
			buildActionMask = 2147483647;
			files = (
				42436B4E181831DD003F31A4 /* XCTest.framework in Frameworks */,
				42436B50181831DD003F31A4 /* UIKit.framework in Frameworks */,
				42436B4F181831DD003F31A4 /* Foundation.framework in Frameworks */,
			);
			runOnlyForDeploymentPostprocessing = 0;
		};
/* End PBXFrameworksBuildPhase section */

/* Begin PBXGroup section */
		42436B28181831DC003F31A4 = {
			isa = PBXGroup;
			children = (
				42436B3A181831DD003F31A4 /* ToDoList */,
				42436B53181831DD003F31A4 /* ToDoListTests */,
				42436B33181831DD003F31A4 /* Frameworks */,
				42436B32181831DD003F31A4 /* Products */,
			);
			sourceTree = "<group>";
		};
		42436B32181831DD003F31A4 /* Products */ = {
			isa = PBXGroup;
			children = (
				42436B31181831DD003F31A4 /* ToDoList.app */,
				42436B4C181831DD003F31A4 /* ToDoListTests.xctest */,
			);
			name = Products;
			sourceTree = "<group>";
		};
		42436B33181831DD003F31A4 /* Frameworks */ = {
			isa = PBXGroup;
			children = (
				42436B34181831DD003F31A4 /* Foundation.framework */,
				42436B36181831DD003F31A4 /* CoreGraphics.framework */,
				42436B38181831DD003F31A4 /* UIKit.framework */,
				42436B4D181831DD003F31A4 /* XCTest.framework */,
			);
			name = Frameworks;
			sourceTree = "<group>";
		};
		42436B3A181831DD003F31A4 /* ToDoList */ = {
			isa = PBXGroup;
			children = (
				42D3BB24185EBE1300D89B0E /* Model */,
				42436B631818479B003F31A4 /* Main.storyboard */,
				42436B46181831DD003F31A4 /* Images.xcassets */,
				42436B3B181831DD003F31A4 /* Supporting Files */,
				42FE1C89181A1C1500A1A074 /* AddToDoItemViewController.h */,
				42FE1C8A181A1C1500A1A074 /* AddToDoItemViewController.m */,
				42FE1C8F181A1EBE00A1A074 /* ToDoListViewController.h */,
				42FE1C90181A1EBE00A1A074 /* ToDoListViewController.m */,
			);
			path = ToDoList;
			sourceTree = "<group>";
		};
		42436B3B181831DD003F31A4 /* Supporting Files */ = {
			isa = PBXGroup;
			children = (
				42436B43181831DD003F31A4 /* AppDelegate.h */,
				42436B44181831DD003F31A4 /* AppDelegate.m */,
				42436B3C181831DD003F31A4 /* ToDoList-Info.plist */,
				42436B3D181831DD003F31A4 /* InfoPlist.strings */,
				42436B40181831DD003F31A4 /* main.m */,
				42436B42181831DD003F31A4 /* ToDoList-Prefix.pch */,
			);
			name = "Supporting Files";
			sourceTree = "<group>";
		};
		42436B53181831DD003F31A4 /* ToDoListTests */ = {
			isa = PBXGroup;
			children = (
				42436B59181831DD003F31A4 /* ToDoListTests.m */,
				42436B54181831DD003F31A4 /* Supporting Files */,
			);
			path = ToDoListTests;
			sourceTree = "<group>";
		};
		42436B54181831DD003F31A4 /* Supporting Files */ = {
			isa = PBXGroup;
			children = (
				42436B55181831DD003F31A4 /* ToDoListTests-Info.plist */,
				42436B56181831DD003F31A4 /* InfoPlist.strings */,
			);
			name = "Supporting Files";
			sourceTree = "<group>";
		};
		42D3BB24185EBE1300D89B0E /* Model */ = {
			isa = PBXGroup;
			children = (
				42C3B5A3183015E0003BD2F4 /* ToDoItem.h */,
				42C3B5A4183015E0003BD2F4 /* ToDoItem.m */,
			);
			name = Model;
			sourceTree = "<group>";
		};
/* End PBXGroup section */

/* Begin PBXNativeTarget section */
		42436B30181831DD003F31A4 /* ToDoList */ = {
			isa = PBXNativeTarget;
			buildConfigurationList = 42436B5D181831DD003F31A4 /* Build configuration list for PBXNativeTarget "ToDoList" */;
			buildPhases = (
				42436B2D181831DD003F31A4 /* Sources */,
				42436B2E181831DD003F31A4 /* Frameworks */,
				42436B2F181831DD003F31A4 /* Resources */,
			);
			buildRules = (
			);
			dependencies = (
			);
			name = ToDoList;
			productName = ToDoList;
			productReference = 42436B31181831DD003F31A4 /* ToDoList.app */;
			productType = "com.apple.product-type.application";
		};
		42436B4B181831DD003F31A4 /* ToDoListTests */ = {
			isa = PBXNativeTarget;
			buildConfigurationList = 42436B60181831DD003F31A4 /* Build configuration list for PBXNativeTarget "ToDoListTests" */;
			buildPhases = (
				42436B48181831DD003F31A4 /* Sources */,
				42436B49181831DD003F31A4 /* Frameworks */,
				42436B4A181831DD003F31A4 /* Resources */,
			);
			buildRules = (
			);
			dependencies = (
				42436B52181831DD003F31A4 /* PBXTargetDependency */,
			);
			name = ToDoListTests;
			productName = ToDoListTests;
			productReference = 42436B4C181831DD003F31A4 /* ToDoListTests.xctest */;
			productType = "com.apple.product-type.bundle.unit-test";
		};
/* End PBXNativeTarget section */

/* Begin PBXProject section */
		42436B29181831DC003F31A4 /* Project object */ = {
			isa = PBXProject;
			attributes = {
				LastUpgradeCheck = 0500;
				TargetAttributes = {
					42436B4B181831DD003F31A4 = {
						TestTargetID = 42436B30181831DD003F31A4;
					};
				};
			};
			buildConfigurationList = 42436B2C181831DC003F31A4 /* Build configuration list for PBXProject "ToDoList" */;
			compatibilityVersion = "Xcode 3.2";
			developmentRegion = English;
			hasScannedForEncodings = 0;
			knownRegions = (
				en,
			);
			mainGroup = 42436B28181831DC003F31A4;
			productRefGroup = 42436B32181831DD003F31A4 /* Products */;
			projectDirPath = "";
			projectRoot = "";
			targets = (
				42436B30181831DD003F31A4 /* ToDoList */,
				42436B4B181831DD003F31A4 /* ToDoListTests */,
			);
		};
/* End PBXProject section */

/* Begin PBXResourcesBuildPhase section */
		42436B2F181831DD003F31A4 /* Resources */ = {
			isa = PBXResourcesBuildPhase;
			buildActionMask = 2147483647;
			files = (
				42436B641818479B003F31A4 /* Main.storyboard in Resources */,
				42436B3F181831DD003F31A4 /* InfoPlist.strings in Resources */,
				42436B47181831DD003F31A4 /* Images.xcassets in Resources */,
			);
			runOnlyForDeploymentPostprocessing = 0;
		};
		42436B4A181831DD003F31A4 /* Resources */ = {
			isa = PBXResourcesBuildPhase;
			buildActionMask = 2147483647;
			files = (
				42436B58181831DD003F31A4 /* InfoPlist.strings in Resources */,
			);
			runOnlyForDeploymentPostprocessing = 0;
		};
/* End PBXResourcesBuildPhase section */

/* Begin PBXSourcesBuildPhase section */
		42436B2D181831DD003F31A4 /* Sources */ = {
			isa = PBXSourcesBuildPhase;
			buildActionMask = 2147483647;
			files = (
				42FE1C91181A1EBE00A1A074 /* ToDoListViewController.m in Sources */,
				42C3B5A5183015E0003BD2F4 /* ToDoItem.m in Sources */,
				42436B45181831DD003F31A4 /* AppDelegate.m in Sources */,
				42436B41181831DD003F31A4 /* main.m in Sources */,
				42FE1C8B181A1C1500A1A074 /* AddToDoItemViewController.m in Sources */,
			);
			runOnlyForDeploymentPostprocessing = 0;
		};
		42436B48181831DD003F31A4 /* Sources */ = {
			isa = PBXSourcesBuildPhase;
			buildActionMask = 2147483647;
			files = (
				42436B5A181831DD003F31A4 /* ToDoListTests.m in Sources */,
			);
			runOnlyForDeploymentPostprocessing = 0;
		};
/* End PBXSourcesBuildPhase section */

/* Begin PBXTargetDependency section */
		42436B52181831DD003F31A4 /* PBXTargetDependency */ = {
			isa = PBXTargetDependency;
			target = 42436B30181831DD003F31A4 /* ToDoList */;
			targetProxy = 42436B51181831DD003F31A4 /* PBXContainerItemProxy */;
		};
/* End PBXTargetDependency section */

/* Begin PBXVariantGroup section */
		42436B3D181831DD003F31A4 /* InfoPlist.strings */ = {
			isa = PBXVariantGroup;
			children = (
				42436B3E181831DD003F31A4 /* en */,
			);
			name = InfoPlist.strings;
			sourceTree = "<group>";
		};
		42436B56181831DD003F31A4 /* InfoPlist.strings */ = {
			isa = PBXVariantGroup;
			children = (
				42436B57181831DD003F31A4 /* en */,
			);
			name = InfoPlist.strings;
			sourceTree = "<group>";
		};
/* End PBXVariantGroup section */

/* Begin XCBuildConfiguration section */
		42436B5B181831DD003F31A4 /* Debug */ = {
			isa = XCBuildConfiguration;
			buildSettings = {
				ALWAYS_SEARCH_USER_PATHS = NO;
				ARCHS = "$(ARCHS_STANDARD_INCLUDING_64_BIT)";
				CLANG_CXX_LANGUAGE_STANDARD = "gnu++0x";
				CLANG_CXX_LIBRARY = "libc++";
				CLANG_ENABLE_MODULES = YES;
				CLANG_ENABLE_OBJC_ARC = YES;
				CLANG_WARN_BOOL_CONVERSION = YES;
				CLANG_WARN_CONSTANT_CONVERSION = YES;
				CLANG_WARN_DIRECT_OBJC_ISA_USAGE = YES_ERROR;
				CLANG_WARN_EMPTY_BODY = YES;
				CLANG_WARN_ENUM_CONVERSION = YES;
				CLANG_WARN_INT_CONVERSION = YES;
				CLANG_WARN_OBJC_ROOT_CLASS = YES_ERROR;
				CLANG_WARN__DUPLICATE_METHOD_MATCH = YES;
				"CODE_SIGN_IDENTITY[sdk=iphoneos*]" = "iPhone Developer";
				COPY_PHASE_STRIP = NO;
				GCC_C_LANGUAGE_STANDARD = gnu99;
				GCC_DYNAMIC_NO_PIC = NO;
				GCC_OPTIMIZATION_LEVEL = 0;
				GCC_PREPROCESSOR_DEFINITIONS = (
					"DEBUG=1",
					"$(inherited)",
				);
				GCC_SYMBOLS_PRIVATE_EXTERN = NO;
				GCC_WARN_64_TO_32_BIT_CONVERSION = YES;
				GCC_WARN_ABOUT_RETURN_TYPE = YES_ERROR;
				GCC_WARN_UNDECLARED_SELECTOR = YES;
				GCC_WARN_UNINITIALIZED_AUTOS = YES;
				GCC_WARN_UNUSED_FUNCTION = YES;
				GCC_WARN_UNUSED_VARIABLE = YES;
				IPHONEOS_DEPLOYMENT_TARGET = 7.0;
				ONLY_ACTIVE_ARCH = YES;
				SDKROOT = iphoneos;
			};
			name = Debug;
		};
		42436B5C181831DD003F31A4 /* Release */ = {
			isa = XCBuildConfiguration;
			buildSettings = {
				ALWAYS_SEARCH_USER_PATHS = NO;
				ARCHS = "$(ARCHS_STANDARD_INCLUDING_64_BIT)";
				CLANG_CXX_LANGUAGE_STANDARD = "gnu++0x";
				CLANG_CXX_LIBRARY = "libc++";
				CLANG_ENABLE_MODULES = YES;
				CLANG_ENABLE_OBJC_ARC = YES;
				CLANG_WARN_BOOL_CONVERSION = YES;
				CLANG_WARN_CONSTANT_CONVERSION = YES;
				CLANG_WARN_DIRECT_OBJC_ISA_USAGE = YES_ERROR;
				CLANG_WARN_EMPTY_BODY = YES;
				CLANG_WARN_ENUM_CONVERSION = YES;
				CLANG_WARN_INT_CONVERSION = YES;
				CLANG_WARN_OBJC_ROOT_CLASS = YES_ERROR;
				CLANG_WARN__DUPLICATE_METHOD_MATCH = YES;
				"CODE_SIGN_IDENTITY[sdk=iphoneos*]" = "iPhone Developer";
				COPY_PHASE_STRIP = YES;
				ENABLE_NS_ASSERTIONS = NO;
				GCC_C_LANGUAGE_STANDARD = gnu99;
				GCC_WARN_64_TO_32_BIT_CONVERSION = YES;
				GCC_WARN_ABOUT_RETURN_TYPE = YES_ERROR;
				GCC_WARN_UNDECLARED_SELECTOR = YES;
				GCC_WARN_UNINITIALIZED_AUTOS = YES;
				GCC_WARN_UNUSED_FUNCTION = YES;
				GCC_WARN_UNUSED_VARIABLE = YES;
				IPHONEOS_DEPLOYMENT_TARGET = 7.0;
				SDKROOT = iphoneos;
				VALIDATE_PRODUCT = YES;
			};
			name = Release;
		};
		42436B5E181831DD003F31A4 /* Debug */ = {
			isa = XCBuildConfiguration;
			buildSettings = {
				ASSETCATALOG_COMPILER_APPICON_NAME = AppIcon;
				ASSETCATALOG_COMPILER_LAUNCHIMAGE_NAME = LaunchImage;
				GCC_PRECOMPILE_PREFIX_HEADER = YES;
				GCC_PREFIX_HEADER = "ToDoList/ToDoList-Prefix.pch";
				INFOPLIST_FILE = "ToDoList/ToDoList-Info.plist";
				PRODUCT_NAME = "$(TARGET_NAME)";
				WRAPPER_EXTENSION = app;
			};
			name = Debug;
		};
		42436B5F181831DD003F31A4 /* Release */ = {
			isa = XCBuildConfiguration;
			buildSettings = {
				ASSETCATALOG_COMPILER_APPICON_NAME = AppIcon;
				ASSETCATALOG_COMPILER_LAUNCHIMAGE_NAME = LaunchImage;
				GCC_PRECOMPILE_PREFIX_HEADER = YES;
				GCC_PREFIX_HEADER = "ToDoList/ToDoList-Prefix.pch";
				INFOPLIST_FILE = "ToDoList/ToDoList-Info.plist";
				PRODUCT_NAME = "$(TARGET_NAME)";
				WRAPPER_EXTENSION = app;
			};
			name = Release;
		};
		42436B61181831DD003F31A4 /* Debug */ = {
			isa = XCBuildConfiguration;
			buildSettings = {
				ARCHS = "$(ARCHS_STANDARD_INCLUDING_64_BIT)";
				BUNDLE_LOADER = "$(BUILT_PRODUCTS_DIR)/ToDoList.app/ToDoList";
				FRAMEWORK_SEARCH_PATHS = (
					"$(SDKROOT)/Developer/Library/Frameworks",
					"$(inherited)",
					"$(DEVELOPER_FRAMEWORKS_DIR)",
				);
				GCC_PRECOMPILE_PREFIX_HEADER = YES;
				GCC_PREFIX_HEADER = "ToDoList/ToDoList-Prefix.pch";
				GCC_PREPROCESSOR_DEFINITIONS = (
					"DEBUG=1",
					"$(inherited)",
				);
				INFOPLIST_FILE = "ToDoListTests/ToDoListTests-Info.plist";
				PRODUCT_NAME = "$(TARGET_NAME)";
				TEST_HOST = "$(BUNDLE_LOADER)";
				WRAPPER_EXTENSION = xctest;
			};
			name = Debug;
		};
		42436B62181831DD003F31A4 /* Release */ = {
			isa = XCBuildConfiguration;
			buildSettings = {
				ARCHS = "$(ARCHS_STANDARD_INCLUDING_64_BIT)";
				BUNDLE_LOADER = "$(BUILT_PRODUCTS_DIR)/ToDoList.app/ToDoList";
				FRAMEWORK_SEARCH_PATHS = (
					"$(SDKROOT)/Developer/Library/Frameworks",
					"$(inherited)",
					"$(DEVELOPER_FRAMEWORKS_DIR)",
				);
				GCC_PRECOMPILE_PREFIX_HEADER = YES;
				GCC_PREFIX_HEADER = "ToDoList/ToDoList-Prefix.pch";
				INFOPLIST_FILE = "ToDoListTests/ToDoListTests-Info.plist";
				PRODUCT_NAME = "$(TARGET_NAME)";
				TEST_HOST = "$(BUNDLE_LOADER)";
				WRAPPER_EXTENSION = xctest;
			};
			name = Release;
		};
/* End XCBuildConfiguration section */

/* Begin XCConfigurationList section */
		42436B2C181831DC003F31A4 /* Build configuration list for PBXProject "ToDoList" */ = {
			isa = XCConfigurationList;
			buildConfigurations = (
				42436B5B181831DD003F31A4 /* Debug */,
				42436B5C181831DD003F31A4 /* Release */,
			);
			defaultConfigurationIsVisible = 0;
			defaultConfigurationName = Release;
		};
		42436B5D181831DD003F31A4 /* Build configuration list for PBXNativeTarget "ToDoList" */ = {
			isa = XCConfigurationList;
			buildConfigurations = (
				42436B5E181831DD003F31A4 /* Debug */,
				42436B5F181831DD003F31A4 /* Release */,
			);
			defaultConfigurationIsVisible = 0;
			defaultConfigurationName = Release;
		};
		42436B60181831DD003F31A4 /* Build configuration list for PBXNativeTarget "ToDoListTests" */ = {
			isa = XCConfigurationList;
			buildConfigurations = (
				42436B61181831DD003F31A4 /* Debug */,
				42436B62181831DD003F31A4 /* Release */,
			);
			defaultConfigurationIsVisible = 0;
			defaultConfigurationName = Release;
		};
/* End XCConfigurationList section */
	};
	rootObject = 42436B29181831DC003F31A4 /* Project object */;
}
